
Microsoft Visual Studio Solution File, Format Version 12.00
# Visual Studio Version 16
VisualStudioVersion = 16.0.30804.86
MinimumVisualStudioVersion = 10.0.40219.1
Project("{FAE04EC0-301F-11D3-BF4B-00C04F79EFBC}") = "WAD-Assignment", "WAD-Assignment\WAD-Assignment.csproj", "{01DE72BA-E47A-49D8-BD78-C4E5002A2F98}"
EndProject
Global
	GlobalSection(SolutionConfigurationPlatforms) = preSolution
		Debug|Any CPU = Debug|Any CPU
		Release|Any CPU = Release|Any CPU
	EndGlobalSection
	GlobalSection(ProjectConfigurationPlatforms) = postSolution
		{01DE72BA-E47A-49D8-BD78-C4E5002A2F98}.Debug|Any CPU.ActiveCfg = Debug|Any CPU
		{01DE72BA-E47A-49D8-BD78-C4E5002A2F98}.Debug|Any CPU.Build.0 = Debug|Any CPU
		{01DE72BA-E47A-49D8-BD78-C4E5002A2F98}.Release|Any CPU.ActiveCfg = Release|Any CPU
		{01DE72BA-E47A-49D8-BD78-C4E5002A2F98}.Release|Any CPU.Build.0 = Release|Any CPU
	EndGlobalSection
	GlobalSection(SolutionProperties) = preSolution
		HideSolutionNode = FALSE
	EndGlobalSection
	GlobalSection(ExtensibilityGlobals) = postSolution
		SolutionGuid = {7E3DCAD6-7E86-448E-8EB2-7127E6351295}
	EndGlobalSection
EndGlobal
